
Microsoft Visual Studio Solution File, Format Version 12.00
# Visual Studio Version 17
VisualStudioVersion = 17.6.33815.320
MinimumVisualStudioVersion = 10.0.40219.1
Project("{9A19103F-16F7-4668-BE54-9A1E7A4F7556}") = "TelemetryConsumer", "TelemetryConsumer\TelemetryConsumer.csproj", "{9019A522-ED9E-47BD-A475-BC0C8BBEE6D0}"
EndProject
Project("{FAE04EC0-301F-11D3-BF4B-00C04F79EFBC}") = "SolarSystem", "SolarSystem\SolarSystem.csproj", "{2B37ED73-7248-4B9D-8B42-077E20A50005}"
EndProject
Global
	GlobalSection(SolutionConfigurationPlatforms) = preSolution
		Debug|Any CPU = Debug|Any CPU
		Release|Any CPU = Release|Any CPU
	EndGlobalSection
	GlobalSection(ProjectConfigurationPlatforms) = postSolution
		{9019A522-ED9E-47BD-A475-BC0C8BBEE6D0}.Debug|Any CPU.ActiveCfg = Debug|Any CPU
		{9019A522-ED9E-47BD-A475-BC0C8BBEE6D0}.Debug|Any CPU.Build.0 = Debug|Any CPU
		{9019A522-ED9E-47BD-A475-BC0C8BBEE6D0}.Release|Any CPU.ActiveCfg = Release|Any CPU
		{9019A522-ED9E-47BD-A475-BC0C8BBEE6D0}.Release|Any CPU.Build.0 = Release|Any CPU
		{2B37ED73-7248-4B9D-8B42-077E20A50005}.Debug|Any CPU.ActiveCfg = Debug|Any CPU
		{2B37ED73-7248-4B9D-8B42-077E20A50005}.Debug|Any CPU.Build.0 = Debug|Any CPU
		{2B37ED73-7248-4B9D-8B42-077E20A50005}.Release|Any CPU.ActiveCfg = Release|Any CPU
		{2B37ED73-7248-4B9D-8B42-077E20A50005}.Release|Any CPU.Build.0 = Release|Any CPU
	EndGlobalSection
	GlobalSection(SolutionProperties) = preSolution
		HideSolutionNode = FALSE
	EndGlobalSection
	GlobalSection(ExtensibilityGlobals) = postSolution
		SolutionGuid = {961FAE2E-9D32-4E4A-91B0-901A30EE51BB}
	EndGlobalSection
EndGlobal
